
Microsoft Visual Studio Solution File, Format Version 12.00
# Visual Studio Version 17
VisualStudioVersion = 17.1.32210.238
MinimumVisualStudioVersion = 10.0.40219.1
Project("{8BC9CEB8-8B4A-11D0-8D11-00A0C91BC942}") = "Assignment2", "Assignment2\Assignment2.vcxproj", "{633C9B50-13A1-49BA-BB08-076FB8268BCF}"
EndProject
Global
	GlobalSection(SolutionConfigurationPlatforms) = preSolution
		Debug|x64 = Debug|x64
		Debug|x86 = Debug|x86
		Release|x64 = Release|x64
		Release|x86 = Release|x86
	EndGlobalSection
	GlobalSection(ProjectConfigurationPlatforms) = postSolution
		{633C9B50-13A1-49BA-BB08-076FB8268BCF}.Debug|x64.ActiveCfg = Debug|x64
		{633C9B50-13A1-49BA-BB08-076FB8268BCF}.Debug|x64.Build.0 = Debug|x64
		{633C9B50-13A1-49BA-BB08-076FB8268BCF}.Debug|x86.ActiveCfg = Debug|Win32
		{633C9B50-13A1-49BA-BB08-076FB8268BCF}.Debug|x86.Build.0 = Debug|Win32
		{633C9B50-13A1-49BA-BB08-076FB8268BCF}.Release|x64.ActiveCfg = Release|x64
		{633C9B50-13A1-49BA-BB08-076FB8268BCF}.Release|x64.Build.0 = Release|x64
		{633C9B50-13A1-49BA-BB08-076FB8268BCF}.Release|x86.ActiveCfg = Release|Win32
		{633C9B50-13A1-49BA-BB08-076FB8268BCF}.Release|x86.Build.0 = Release|Win32
	EndGlobalSection
	GlobalSection(SolutionProperties) = preSolution
		HideSolutionNode = FALSE
	EndGlobalSection
	GlobalSection(ExtensibilityGlobals) = postSolution
		SolutionGuid = {E9A70FA0-9EB3-435C-B652-44D4F82E6B89}
	EndGlobalSection
EndGlobal
